// !$*UTF8*$!
{
	archiveVersion = 1;
	classes = {
	};
	objectVersion = 52;
	objects = {

/* Begin PBXBuildFile section */
		4D01D6342393DA3F007FC625 /* FyreplaceKit in Frameworks */ = {isa = PBXBuildFile; productRef = 4D01D6332393DA3F007FC625 /* FyreplaceKit */; };
		4D01D6382393DA49007FC625 /* WildFyreKit in Frameworks */ = {isa = PBXBuildFile; productRef = 4D01D6372393DA49007FC625 /* WildFyreKit */; };
		4D135F37239A91FE00B20BFA /* Localizable.strings in Resources */ = {isa = PBXBuildFile; fileRef = 4D135F35239A91FE00B20BFA /* Localizable.strings */; };
		4D3186D42392F42D0028BC2B /* MainViewController.swift in Sources */ = {isa = PBXBuildFile; fileRef = 4D3186D32392F42D0028BC2B /* MainViewController.swift */; };
		4D3B1E70245C3CC6008870E1 /* InfoPlist.strings in Resources */ = {isa = PBXBuildFile; fileRef = 4D3B1E72245C3CC6008870E1 /* InfoPlist.strings */; };
		4D569E5923C25DEF0008261E /* LoginViewController.swift in Sources */ = {isa = PBXBuildFile; fileRef = 4D569E5823C25DEF0008261E /* LoginViewController.swift */; };
		4D6FD44023C6689100FE7FDA /* LoginViewModel.swift in Sources */ = {isa = PBXBuildFile; fileRef = 4D6FD43F23C6689100FE7FDA /* LoginViewModel.swift */; };
		4D8D8F2E243D170400E2393D /* ItemsListKit in Frameworks */ = {isa = PBXBuildFile; productRef = 4D8D8F2D243D170400E2393D /* ItemsListKit */; };
		4DAA03FA2353B66A00CB27B6 /* AppDelegate.swift in Sources */ = {isa = PBXBuildFile; fileRef = 4DAA03F92353B66A00CB27B6 /* AppDelegate.swift */; };
		4DAA03FC2353B66A00CB27B6 /* SceneDelegate.swift in Sources */ = {isa = PBXBuildFile; fileRef = 4DAA03FB2353B66A00CB27B6 /* SceneDelegate.swift */; };
		4DAA04032353B66A00CB27B6 /* Main.storyboard in Resources */ = {isa = PBXBuildFile; fileRef = 4DAA04012353B66A00CB27B6 /* Main.storyboard */; };
		4DAA04052353B66B00CB27B6 /* Assets.xcassets in Resources */ = {isa = PBXBuildFile; fileRef = 4DAA04042353B66B00CB27B6 /* Assets.xcassets */; };
		4DAA04082353B66B00CB27B6 /* LaunchScreen.storyboard in Resources */ = {isa = PBXBuildFile; fileRef = 4DAA04062353B66B00CB27B6 /* LaunchScreen.storyboard */; };
		4DB96F8F247ADBD500123263 /* PostPage in Frameworks */ = {isa = PBXBuildFile; productRef = 4DB96F8E247ADBD500123263 /* PostPage */; };
		4DB96F99247B112400123263 /* MarkdownKit in Frameworks */ = {isa = PBXBuildFile; productRef = 4DB96F98247B112400123263 /* MarkdownKit */; };
		4DC7C3F123F81137009D6CC5 /* identify.py in Resources */ = {isa = PBXBuildFile; fileRef = 4DC7C3F023F81137009D6CC5 /* identify.py */; };
		4DD53F2523FC9D5900EEA2BB /* ProxyViewController.swift in Sources */ = {isa = PBXBuildFile; fileRef = 4DD53F2423FC9D5900EEA2BB /* ProxyViewController.swift */; };
		4DDE87BF2365DE2900BD4E60 /* HomePage in Frameworks */ = {isa = PBXBuildFile; productRef = 4DDE87BE2365DE2900BD4E60 /* HomePage */; };
		4DDE87C12365DE2E00BD4E60 /* NotificationsPage in Frameworks */ = {isa = PBXBuildFile; productRef = 4DDE87C02365DE2E00BD4E60 /* NotificationsPage */; };
		4DDE87C32365DE3200BD4E60 /* ArchivePage in Frameworks */ = {isa = PBXBuildFile; productRef = 4DDE87C22365DE3200BD4E60 /* ArchivePage */; };
		4DDE87C52365DE3700BD4E60 /* DraftsPage in Frameworks */ = {isa = PBXBuildFile; productRef = 4DDE87C42365DE3700BD4E60 /* DraftsPage */; };
		4DDE87C72365DE3B00BD4E60 /* SettingsPage in Frameworks */ = {isa = PBXBuildFile; productRef = 4DDE87C62365DE3B00BD4E60 /* SettingsPage */; };
/* End PBXBuildFile section */

/* Begin PBXFileReference section */
		4D135F36239A91FE00B20BFA /* Base */ = {isa = PBXFileReference; lastKnownFileType = text.plist.strings; name = Base; path = Base.lproj/Localizable.strings; sourceTree = "<group>"; };
		4D17E175241063DE008616DF /* fr */ = {isa = PBXFileReference; lastKnownFileType = text.plist.strings; name = fr; path = fr.lproj/Localizable.strings; sourceTree = "<group>"; };
		4D17E17A24106BBB008616DF /* en */ = {isa = PBXFileReference; lastKnownFileType = text.plist.strings; name = en; path = en.lproj/Localizable.strings; sourceTree = "<group>"; };
		4D3186D32392F42D0028BC2B /* MainViewController.swift */ = {isa = PBXFileReference; fileEncoding = 4; lastKnownFileType = sourcecode.swift; path = MainViewController.swift; sourceTree = "<group>"; };
		4D3B1E71245C3CC6008870E1 /* fr */ = {isa = PBXFileReference; lastKnownFileType = text.plist.strings; name = fr; path = fr.lproj/InfoPlist.strings; sourceTree = "<group>"; };
		4D3B1E73245C3CD0008870E1 /* en */ = {isa = PBXFileReference; lastKnownFileType = text.plist.strings; name = en; path = en.lproj/InfoPlist.strings; sourceTree = "<group>"; };
		4D569E5823C25DEF0008261E /* LoginViewController.swift */ = {isa = PBXFileReference; lastKnownFileType = sourcecode.swift; path = LoginViewController.swift; sourceTree = "<group>"; };
		4D6FD43F23C6689100FE7FDA /* LoginViewModel.swift */ = {isa = PBXFileReference; lastKnownFileType = sourcecode.swift; path = LoginViewModel.swift; sourceTree = "<group>"; };
		4DAA03F62353B66A00CB27B6 /* Fyreplace.app */ = {isa = PBXFileReference; explicitFileType = wrapper.application; includeInIndex = 0; path = Fyreplace.app; sourceTree = BUILT_PRODUCTS_DIR; };
		4DAA03F92353B66A00CB27B6 /* AppDelegate.swift */ = {isa = PBXFileReference; lastKnownFileType = sourcecode.swift; path = AppDelegate.swift; sourceTree = "<group>"; };
		4DAA03FB2353B66A00CB27B6 /* SceneDelegate.swift */ = {isa = PBXFileReference; lastKnownFileType = sourcecode.swift; path = SceneDelegate.swift; sourceTree = "<group>"; };
		4DAA04022353B66A00CB27B6 /* Base */ = {isa = PBXFileReference; lastKnownFileType = file.storyboard; name = Base; path = Base.lproj/Main.storyboard; sourceTree = "<group>"; };
		4DAA04042353B66B00CB27B6 /* Assets.xcassets */ = {isa = PBXFileReference; lastKnownFileType = folder.assetcatalog; path = Assets.xcassets; sourceTree = "<group>"; };
		4DAA04072353B66B00CB27B6 /* Base */ = {isa = PBXFileReference; lastKnownFileType = file.storyboard; name = Base; path = Base.lproj/LaunchScreen.storyboard; sourceTree = "<group>"; };
		4DAA04092353B66B00CB27B6 /* Info.plist */ = {isa = PBXFileReference; lastKnownFileType = text.plist.xml; path = Info.plist; sourceTree = "<group>"; };
		4DB96F93247B060C00123263 /* fr */ = {isa = PBXFileReference; lastKnownFileType = text.plist.strings; name = fr; path = fr.lproj/Main.strings; sourceTree = "<group>"; };
		4DB96F95247B075400123263 /* en */ = {isa = PBXFileReference; lastKnownFileType = text.plist.strings; name = en; path = en.lproj/Main.strings; sourceTree = "<group>"; };
		4DC7C3F023F81137009D6CC5 /* identify.py */ = {isa = PBXFileReference; lastKnownFileType = text.script.python; path = identify.py; sourceTree = "<group>"; };
		4DD53F2423FC9D5900EEA2BB /* ProxyViewController.swift */ = {isa = PBXFileReference; lastKnownFileType = sourcecode.swift; path = ProxyViewController.swift; sourceTree = "<group>"; };
/* End PBXFileReference section */

/* Begin PBXFrameworksBuildPhase section */
		4DAA03F32353B66A00CB27B6 /* Frameworks */ = {
			isa = PBXFrameworksBuildPhase;
			buildActionMask = 2147483647;
			files = (
				4D01D6342393DA3F007FC625 /* FyreplaceKit in Frameworks */,
				4D01D6382393DA49007FC625 /* WildFyreKit in Frameworks */,
				4DB96F8F247ADBD500123263 /* PostPage in Frameworks */,
				4DDE87BF2365DE2900BD4E60 /* HomePage in Frameworks */,
				4DDE87C12365DE2E00BD4E60 /* NotificationsPage in Frameworks */,
				4DDE87C32365DE3200BD4E60 /* ArchivePage in Frameworks */,
				4DB96F99247B112400123263 /* MarkdownKit in Frameworks */,
				4D8D8F2E243D170400E2393D /* ItemsListKit in Frameworks */,
				4DDE87C52365DE3700BD4E60 /* DraftsPage in Frameworks */,
				4DDE87C72365DE3B00BD4E60 /* SettingsPage in Frameworks */,
			);
			runOnlyForDeploymentPostprocessing = 0;
		};
/* End PBXFrameworksBuildPhase section */

/* Begin PBXGroup section */
		4D308056237A0933004C708D /* Resources */ = {
			isa = PBXGroup;
			children = (
				4DAA04042353B66B00CB27B6 /* Assets.xcassets */,
				4D135F35239A91FE00B20BFA /* Localizable.strings */,
			);
			path = Resources;
			sourceTree = "<group>";
		};
		4D71425E236497850041438B /* Storyboards */ = {
			isa = PBXGroup;
			children = (
				4DAA04062353B66B00CB27B6 /* LaunchScreen.storyboard */,
				4DAA04012353B66A00CB27B6 /* Main.storyboard */,
				4DC7C3F023F81137009D6CC5 /* identify.py */,
			);
			path = Storyboards;
			sourceTree = "<group>";
		};
		4D7BABFF23649DF4006BD55F /* Sources */ = {
			isa = PBXGroup;
			children = (
				4DAA03F92353B66A00CB27B6 /* AppDelegate.swift */,
				4DAA03FB2353B66A00CB27B6 /* SceneDelegate.swift */,
				4DFD4BEC242C08F6006A9DE0 /* ViewControllers */,
				4DFD4BED242C0933006A9DE0 /* ViewModels */,
			);
			path = Sources;
			sourceTree = "<group>";
		};
		4DAA03ED2353B66A00CB27B6 = {
			isa = PBXGroup;
			children = (
				4DAA03F72353B66A00CB27B6 /* Products */,
				4DC72E092365CC9B00C5B974 /* Frameworks */,
				4DAA03F82353B66A00CB27B6 /* Fyreplace */,
			);
			sourceTree = "<group>";
		};
		4DAA03F72353B66A00CB27B6 /* Products */ = {
			isa = PBXGroup;
			children = (
				4DAA03F62353B66A00CB27B6 /* Fyreplace.app */,
			);
			name = Products;
			sourceTree = "<group>";
		};
		4DAA03F82353B66A00CB27B6 /* Fyreplace */ = {
			isa = PBXGroup;
			children = (
				4DAA04092353B66B00CB27B6 /* Info.plist */,
				4D3B1E72245C3CC6008870E1 /* InfoPlist.strings */,
				4D308056237A0933004C708D /* Resources */,
				4D71425E236497850041438B /* Storyboards */,
				4D7BABFF23649DF4006BD55F /* Sources */,
			);
			path = Fyreplace;
			sourceTree = "<group>";
		};
		4DC72E092365CC9B00C5B974 /* Frameworks */ = {
			isa = PBXGroup;
			children = (
			);
			name = Frameworks;
			sourceTree = "<group>";
		};
		4DFD4BEC242C08F6006A9DE0 /* ViewControllers */ = {
			isa = PBXGroup;
			children = (
				4D3186D32392F42D0028BC2B /* MainViewController.swift */,
				4D569E5823C25DEF0008261E /* LoginViewController.swift */,
				4DD53F2423FC9D5900EEA2BB /* ProxyViewController.swift */,
			);
			path = ViewControllers;
			sourceTree = "<group>";
		};
		4DFD4BED242C0933006A9DE0 /* ViewModels */ = {
			isa = PBXGroup;
			children = (
				4D6FD43F23C6689100FE7FDA /* LoginViewModel.swift */,
			);
			path = ViewModels;
			sourceTree = "<group>";
		};
/* End PBXGroup section */

/* Begin PBXNativeTarget section */
		4DAA03F52353B66A00CB27B6 /* Fyreplace */ = {
			isa = PBXNativeTarget;
			buildConfigurationList = 4DAA040C2353B66B00CB27B6 /* Build configuration list for PBXNativeTarget "Fyreplace" */;
			buildPhases = (
				4DF2F26523F96D2A002A432E /* ShellScript */,
				4D1A3F812441DC610014A824 /* ShellScript */,
				4DAA03F22353B66A00CB27B6 /* Sources */,
				4DAA03F32353B66A00CB27B6 /* Frameworks */,
				4DAA03F42353B66A00CB27B6 /* Resources */,
			);
			buildRules = (
			);
			dependencies = (
			);
			name = Fyreplace;
			packageProductDependencies = (
				4DDE87BE2365DE2900BD4E60 /* HomePage */,
				4DDE87C02365DE2E00BD4E60 /* NotificationsPage */,
				4DDE87C22365DE3200BD4E60 /* ArchivePage */,
				4DDE87C42365DE3700BD4E60 /* DraftsPage */,
				4DDE87C62365DE3B00BD4E60 /* SettingsPage */,
				4D01D6332393DA3F007FC625 /* FyreplaceKit */,
				4D01D6372393DA49007FC625 /* WildFyreKit */,
				4D8D8F2D243D170400E2393D /* ItemsListKit */,
				4DB96F8E247ADBD500123263 /* PostPage */,
				4DB96F98247B112400123263 /* MarkdownKit */,
			);
			productName = Fyreplace;
			productReference = 4DAA03F62353B66A00CB27B6 /* Fyreplace.app */;
			productType = "com.apple.product-type.application";
		};
/* End PBXNativeTarget section */

/* Begin PBXProject section */
		4DAA03EE2353B66A00CB27B6 /* Project object */ = {
			isa = PBXProject;
			attributes = {
				LastSwiftUpdateCheck = 1110;
				LastUpgradeCheck = 1110;
				ORGANIZATIONNAME = "Laurent Tréguier";
				TargetAttributes = {
					4DAA03F52353B66A00CB27B6 = {
						CreatedOnToolsVersion = 11.1;
					};
				};
			};
			buildConfigurationList = 4DAA03F12353B66A00CB27B6 /* Build configuration list for PBXProject "Fyreplace" */;
			compatibilityVersion = "Xcode 11.0";
			developmentRegion = en;
			hasScannedForEncodings = 0;
			knownRegions = (
				en,
				Base,
				fr,
			);
			mainGroup = 4DAA03ED2353B66A00CB27B6;
			productRefGroup = 4DAA03F72353B66A00CB27B6 /* Products */;
			projectDirPath = "";
			projectRoot = "";
			targets = (
				4DAA03F52353B66A00CB27B6 /* Fyreplace */,
			);
		};
/* End PBXProject section */

/* Begin PBXResourcesBuildPhase section */
		4DAA03F42353B66A00CB27B6 /* Resources */ = {
			isa = PBXResourcesBuildPhase;
			buildActionMask = 2147483647;
			files = (
				4DC7C3F123F81137009D6CC5 /* identify.py in Resources */,
				4D3B1E70245C3CC6008870E1 /* InfoPlist.strings in Resources */,
				4DAA04052353B66B00CB27B6 /* Assets.xcassets in Resources */,
				4D135F37239A91FE00B20BFA /* Localizable.strings in Resources */,
				4DAA04082353B66B00CB27B6 /* LaunchScreen.storyboard in Resources */,
				4DAA04032353B66A00CB27B6 /* Main.storyboard in Resources */,
			);
			runOnlyForDeploymentPostprocessing = 0;
		};
/* End PBXResourcesBuildPhase section */

/* Begin PBXShellScriptBuildPhase section */
		4D1A3F812441DC610014A824 /* ShellScript */ = {
			isa = PBXShellScriptBuildPhase;
			buildActionMask = 2147483647;
			files = (
			);
			inputFileListPaths = (
			);
			inputPaths = (
			);
			outputFileListPaths = (
			);
			outputPaths = (
			);
			runOnlyForDeploymentPostprocessing = 0;
			shellPath = /bin/sh;
			shellScript = "swiftlint\n";
			showEnvVarsInLog = 0;
		};
		4DF2F26523F96D2A002A432E /* ShellScript */ = {
			isa = PBXShellScriptBuildPhase;
			buildActionMask = 2147483647;
			files = (
			);
			inputFileListPaths = (
			);
			inputPaths = (
			);
			outputFileListPaths = (
			);
			outputPaths = (
			);
			runOnlyForDeploymentPostprocessing = 0;
			shellPath = /bin/sh;
			shellScript = "python3 Fyreplace/Storyboards/identify.py\n";
			showEnvVarsInLog = 0;
		};
/* End PBXShellScriptBuildPhase section */

/* Begin PBXSourcesBuildPhase section */
		4DAA03F22353B66A00CB27B6 /* Sources */ = {
			isa = PBXSourcesBuildPhase;
			buildActionMask = 2147483647;
			files = (
				4D3186D42392F42D0028BC2B /* MainViewController.swift in Sources */,
				4DAA03FA2353B66A00CB27B6 /* AppDelegate.swift in Sources */,
				4D6FD44023C6689100FE7FDA /* LoginViewModel.swift in Sources */,
				4DAA03FC2353B66A00CB27B6 /* SceneDelegate.swift in Sources */,
				4DD53F2523FC9D5900EEA2BB /* ProxyViewController.swift in Sources */,
				4D569E5923C25DEF0008261E /* LoginViewController.swift in Sources */,
			);
			runOnlyForDeploymentPostprocessing = 0;
		};
/* End PBXSourcesBuildPhase section */

/* Begin PBXVariantGroup section */
		4D135F35239A91FE00B20BFA /* Localizable.strings */ = {
			isa = PBXVariantGroup;
			children = (
				4D135F36239A91FE00B20BFA /* Base */,
				4D17E175241063DE008616DF /* fr */,
				4D17E17A24106BBB008616DF /* en */,
			);
			name = Localizable.strings;
			sourceTree = "<group>";
		};
		4D3B1E72245C3CC6008870E1 /* InfoPlist.strings */ = {
			isa = PBXVariantGroup;
			children = (
				4D3B1E71245C3CC6008870E1 /* fr */,
				4D3B1E73245C3CD0008870E1 /* en */,
			);
			name = InfoPlist.strings;
			sourceTree = "<group>";
		};
		4DAA04012353B66A00CB27B6 /* Main.storyboard */ = {
			isa = PBXVariantGroup;
			children = (
				4DAA04022353B66A00CB27B6 /* Base */,
				4DB96F93247B060C00123263 /* fr */,
				4DB96F95247B075400123263 /* en */,
			);
			name = Main.storyboard;
			sourceTree = "<group>";
		};
		4DAA04062353B66B00CB27B6 /* LaunchScreen.storyboard */ = {
			isa = PBXVariantGroup;
			children = (
				4DAA04072353B66B00CB27B6 /* Base */,
			);
			name = LaunchScreen.storyboard;
			sourceTree = "<group>";
		};
/* End PBXVariantGroup section */

/* Begin XCBuildConfiguration section */
		4DAA040A2353B66B00CB27B6 /* Debug */ = {
			isa = XCBuildConfiguration;
			buildSettings = {
				ALWAYS_SEARCH_USER_PATHS = NO;
				CLANG_ANALYZER_LOCALIZABILITY_NONLOCALIZED = YES;
				CLANG_ANALYZER_NONNULL = YES;
				CLANG_ANALYZER_NUMBER_OBJECT_CONVERSION = YES_AGGRESSIVE;
				CLANG_CXX_LANGUAGE_STANDARD = "c++17";
				CLANG_CXX_LIBRARY = "libc++";
				CLANG_ENABLE_MODULES = YES;
				CLANG_ENABLE_OBJC_ARC = YES;
				CLANG_ENABLE_OBJC_WEAK = YES;
				CLANG_WARN_BLOCK_CAPTURE_AUTORELEASING = YES;
				CLANG_WARN_BOOL_CONVERSION = YES;
				CLANG_WARN_COMMA = YES;
				CLANG_WARN_CONSTANT_CONVERSION = YES;
				CLANG_WARN_DEPRECATED_OBJC_IMPLEMENTATIONS = YES;
				CLANG_WARN_DIRECT_OBJC_ISA_USAGE = YES_ERROR;
				CLANG_WARN_DOCUMENTATION_COMMENTS = YES;
				CLANG_WARN_EMPTY_BODY = YES;
				CLANG_WARN_ENUM_CONVERSION = YES;
				CLANG_WARN_INFINITE_RECURSION = YES;
				CLANG_WARN_INT_CONVERSION = YES;
				CLANG_WARN_NON_LITERAL_NULL_CONVERSION = YES;
				CLANG_WARN_OBJC_IMPLICIT_RETAIN_SELF = YES;
				CLANG_WARN_OBJC_LITERAL_CONVERSION = YES;
				CLANG_WARN_OBJC_ROOT_CLASS = YES_ERROR;
				CLANG_WARN_RANGE_LOOP_ANALYSIS = YES;
				CLANG_WARN_STRICT_PROTOTYPES = YES;
				CLANG_WARN_SUSPICIOUS_MOVE = YES;
				CLANG_WARN_UNGUARDED_AVAILABILITY = YES_AGGRESSIVE;
				CLANG_WARN_UNREACHABLE_CODE = YES;
				CLANG_WARN__DUPLICATE_METHOD_MATCH = YES;
				COPY_PHASE_STRIP = NO;
				DEBUG_INFORMATION_FORMAT = dwarf;
				ENABLE_STRICT_OBJC_MSGSEND = YES;
				ENABLE_TESTABILITY = YES;
				GCC_C_LANGUAGE_STANDARD = c11;
				GCC_DYNAMIC_NO_PIC = NO;
				GCC_NO_COMMON_BLOCKS = YES;
				GCC_OPTIMIZATION_LEVEL = 0;
				GCC_PREPROCESSOR_DEFINITIONS = (
					"DEBUG=1",
					"$(inherited)",
				);
				GCC_WARN_64_TO_32_BIT_CONVERSION = YES;
				GCC_WARN_ABOUT_RETURN_TYPE = YES_ERROR;
				GCC_WARN_UNDECLARED_SELECTOR = YES;
				GCC_WARN_UNINITIALIZED_AUTOS = YES_AGGRESSIVE;
				GCC_WARN_UNUSED_FUNCTION = YES;
				GCC_WARN_UNUSED_VARIABLE = YES;
				IPHONEOS_DEPLOYMENT_TARGET = 11.0;
				MTL_ENABLE_DEBUG_INFO = INCLUDE_SOURCE;
				MTL_FAST_MATH = YES;
				ONLY_ACTIVE_ARCH = YES;
				SDKROOT = iphoneos;
				SWIFT_ACTIVE_COMPILATION_CONDITIONS = DEBUG;
				SWIFT_OPTIMIZATION_LEVEL = "-Onone";
				TARGETED_DEVICE_FAMILY = "1,2";
				WILDFYRE_API_URL = "https://api.wildfyre.net";
				WILDFYRE_REGISTER_URL = "https://wildfyre.net/register";
			};
			name = Debug;
		};
		4DAA040B2353B66B00CB27B6 /* Release */ = {
			isa = XCBuildConfiguration;
			buildSettings = {
				ALWAYS_SEARCH_USER_PATHS = NO;
				CLANG_ANALYZER_LOCALIZABILITY_NONLOCALIZED = YES;
				CLANG_ANALYZER_NONNULL = YES;
				CLANG_ANALYZER_NUMBER_OBJECT_CONVERSION = YES_AGGRESSIVE;
				CLANG_CXX_LANGUAGE_STANDARD = "c++17";
				CLANG_CXX_LIBRARY = "libc++";
				CLANG_ENABLE_MODULES = YES;
				CLANG_ENABLE_OBJC_ARC = YES;
				CLANG_ENABLE_OBJC_WEAK = YES;
				CLANG_WARN_BLOCK_CAPTURE_AUTORELEASING = YES;
				CLANG_WARN_BOOL_CONVERSION = YES;
				CLANG_WARN_COMMA = YES;
				CLANG_WARN_CONSTANT_CONVERSION = YES;
				CLANG_WARN_DEPRECATED_OBJC_IMPLEMENTATIONS = YES;
				CLANG_WARN_DIRECT_OBJC_ISA_USAGE = YES_ERROR;
				CLANG_WARN_DOCUMENTATION_COMMENTS = YES;
				CLANG_WARN_EMPTY_BODY = YES;
				CLANG_WARN_ENUM_CONVERSION = YES;
				CLANG_WARN_INFINITE_RECURSION = YES;
				CLANG_WARN_INT_CONVERSION = YES;
				CLANG_WARN_NON_LITERAL_NULL_CONVERSION = YES;
				CLANG_WARN_OBJC_IMPLICIT_RETAIN_SELF = YES;
				CLANG_WARN_OBJC_LITERAL_CONVERSION = YES;
				CLANG_WARN_OBJC_ROOT_CLASS = YES_ERROR;
				CLANG_WARN_RANGE_LOOP_ANALYSIS = YES;
				CLANG_WARN_STRICT_PROTOTYPES = YES;
				CLANG_WARN_SUSPICIOUS_MOVE = YES;
				CLANG_WARN_UNGUARDED_AVAILABILITY = YES_AGGRESSIVE;
				CLANG_WARN_UNREACHABLE_CODE = YES;
				CLANG_WARN__DUPLICATE_METHOD_MATCH = YES;
				COPY_PHASE_STRIP = NO;
				DEBUG_INFORMATION_FORMAT = "dwarf-with-dsym";
				ENABLE_NS_ASSERTIONS = NO;
				ENABLE_STRICT_OBJC_MSGSEND = YES;
				GCC_C_LANGUAGE_STANDARD = c11;
				GCC_NO_COMMON_BLOCKS = YES;
				GCC_WARN_64_TO_32_BIT_CONVERSION = YES;
				GCC_WARN_ABOUT_RETURN_TYPE = YES_ERROR;
				GCC_WARN_UNDECLARED_SELECTOR = YES;
				GCC_WARN_UNINITIALIZED_AUTOS = YES_AGGRESSIVE;
				GCC_WARN_UNUSED_FUNCTION = YES;
				GCC_WARN_UNUSED_VARIABLE = YES;
				IPHONEOS_DEPLOYMENT_TARGET = 11.0;
				MTL_ENABLE_DEBUG_INFO = NO;
				MTL_FAST_MATH = YES;
				SDKROOT = iphoneos;
				SWIFT_COMPILATION_MODE = wholemodule;
				SWIFT_OPTIMIZATION_LEVEL = "-O";
				TARGETED_DEVICE_FAMILY = "1,2";
				VALIDATE_PRODUCT = YES;
				WILDFYRE_API_URL = "https://api.wildfyre.net";
				WILDFYRE_REGISTER_URL = "https://wildfyre.net/register";
			};
			name = Release;
		};
		4DAA040D2353B66B00CB27B6 /* Debug */ = {
			isa = XCBuildConfiguration;
			buildSettings = {
				ASSETCATALOG_COMPILER_APPICON_NAME = AppIcon;
				CODE_SIGN_IDENTITY = "Apple Development";
				CODE_SIGN_STYLE = Automatic;
				CURRENT_PROJECT_VERSION = 0.0.0;
				DEVELOPMENT_TEAM = 6V7A4GTVDC;
				INFOPLIST_FILE = Fyreplace/Info.plist;
				IPHONEOS_DEPLOYMENT_TARGET = 11.0;
				LD_RUNPATH_SEARCH_PATHS = (
					"$(inherited)",
					"@executable_path/Frameworks",
				);
				MARKETING_VERSION = 0.0.0;
				PRODUCT_BUNDLE_IDENTIFIER = app.fyreplace.Fyreplace;
				PRODUCT_NAME = "$(TARGET_NAME)";
				PROVISIONING_PROFILE_SPECIFIER = "";
				SWIFT_VERSION = 5.0;
				TARGETED_DEVICE_FAMILY = "1,2";
			};
			name = Debug;
		};
		4DAA040E2353B66B00CB27B6 /* Release */ = {
			isa = XCBuildConfiguration;
			buildSettings = {
				ASSETCATALOG_COMPILER_APPICON_NAME = AppIcon;
				CODE_SIGN_IDENTITY = "Apple Development";
				CODE_SIGN_STYLE = Automatic;
				CURRENT_PROJECT_VERSION = 0.0.0;
				DEVELOPMENT_TEAM = 6V7A4GTVDC;
				INFOPLIST_FILE = Fyreplace/Info.plist;
				IPHONEOS_DEPLOYMENT_TARGET = 11.0;
				LD_RUNPATH_SEARCH_PATHS = (
					"$(inherited)",
					"@executable_path/Frameworks",
				);
				MARKETING_VERSION = 0.0.0;
				PRODUCT_BUNDLE_IDENTIFIER = app.fyreplace.Fyreplace;
				PRODUCT_NAME = "$(TARGET_NAME)";
				PROVISIONING_PROFILE_SPECIFIER = "";
				SWIFT_VERSION = 5.0;
				TARGETED_DEVICE_FAMILY = "1,2";
			};
			name = Release;
		};
/* End XCBuildConfiguration section */

/* Begin XCConfigurationList section */
		4DAA03F12353B66A00CB27B6 /* Build configuration list for PBXProject "Fyreplace" */ = {
			isa = XCConfigurationList;
			buildConfigurations = (
				4DAA040A2353B66B00CB27B6 /* Debug */,
				4DAA040B2353B66B00CB27B6 /* Release */,
			);
			defaultConfigurationIsVisible = 0;
			defaultConfigurationName = Release;
		};
		4DAA040C2353B66B00CB27B6 /* Build configuration list for PBXNativeTarget "Fyreplace" */ = {
			isa = XCConfigurationList;
			buildConfigurations = (
				4DAA040D2353B66B00CB27B6 /* Debug */,
				4DAA040E2353B66B00CB27B6 /* Release */,
			);
			defaultConfigurationIsVisible = 0;
			defaultConfigurationName = Release;
		};
/* End XCConfigurationList section */

/* Begin XCSwiftPackageProductDependency section */
		4D01D6332393DA3F007FC625 /* FyreplaceKit */ = {
			isa = XCSwiftPackageProductDependency;
			productName = FyreplaceKit;
		};
		4D01D6372393DA49007FC625 /* WildFyreKit */ = {
			isa = XCSwiftPackageProductDependency;
			productName = WildFyreKit;
		};
		4D8D8F2D243D170400E2393D /* ItemsListKit */ = {
			isa = XCSwiftPackageProductDependency;
			productName = ItemsListKit;
		};
		4DB96F8E247ADBD500123263 /* PostPage */ = {
			isa = XCSwiftPackageProductDependency;
			productName = PostPage;
		};
		4DB96F98247B112400123263 /* MarkdownKit */ = {
			isa = XCSwiftPackageProductDependency;
			productName = MarkdownKit;
		};
		4DDE87BE2365DE2900BD4E60 /* HomePage */ = {
			isa = XCSwiftPackageProductDependency;
			productName = HomePage;
		};
		4DDE87C02365DE2E00BD4E60 /* NotificationsPage */ = {
			isa = XCSwiftPackageProductDependency;
			productName = NotificationsPage;
		};
		4DDE87C22365DE3200BD4E60 /* ArchivePage */ = {
			isa = XCSwiftPackageProductDependency;
			productName = ArchivePage;
		};
		4DDE87C42365DE3700BD4E60 /* DraftsPage */ = {
			isa = XCSwiftPackageProductDependency;
			productName = DraftsPage;
		};
		4DDE87C62365DE3B00BD4E60 /* SettingsPage */ = {
			isa = XCSwiftPackageProductDependency;
			productName = SettingsPage;
		};
/* End XCSwiftPackageProductDependency section */
	};
	rootObject = 4DAA03EE2353B66A00CB27B6 /* Project object */;
}
