{
  "object": {
    "pins": [
      {
        "package": "Alamofire",
        "repositoryURL": "https://github.com/Alamofire/Alamofire.git",
        "state": {
          "branch": null,
          "revision": "2cbf59935fbb1f26e352ce4db53f1cf9408d5313",
          "version": "5.0.0-rc.3"
        }
      },
      {
        "package": "libwebp",
        "repositoryURL": "https://github.com/SDWebImage/libwebp-Xcode.git",
        "state": {
          "branch": null,
          "revision": "86c1b5d567ed548da861486b54e1f8f068a3cef7",
          "version": "1.1.0"
        }
      },
      {
        "package": "Moya",
        "repositoryURL": "https://github.com/Moya/Moya.git",
        "state": {
          "branch": null,
          "revision": "05f7bbd3c90c7546df5fc8d736213c8ced99a8b7",
          "version": "14.0.0-beta.6"
        }
      },
      {
        "package": "ReactiveSwift",
        "repositoryURL": "https://github.com/Moya/ReactiveSwift.git",
        "state": {
          "branch": null,
          "revision": "f195d82bb30e412e70446e2b4a77e1b514099e88",
          "version": "6.1.0"
        }
      },
      {
        "package": "RxSwift",
        "repositoryURL": "https://github.com/ReactiveX/RxSwift.git",
        "state": {
          "branch": null,
          "revision": "b3e888b4972d9bc76495dd74d30a8c7fad4b9395",
          "version": "5.0.1"
        }
      },
      {
        "package": "RxSwiftExt",
        "repositoryURL": "https://github.com/RxSwiftCommunity/RxSwiftExt.git",
        "state": {
          "branch": null,
          "revision": "9620cd55a58c1cf3370375140c45379c40049f55",
          "version": "5.2.0"
        }
      },
      {
        "package": "SDWebImage",
        "repositoryURL": "https://github.com/SDWebImage/SDWebImage.git",
        "state": {
          "branch": null,
          "revision": "aa7ff6f060d8f34d2c66a716aefff1a3bc9ef816",
          "version": "5.5.2"
        }
      },
      {
        "package": "SDWebImageWebPCoder",
        "repositoryURL": "https://github.com/SDWebImage/SDWebImageWebPCoder.git",
        "state": {
          "branch": null,
          "revision": "681023124bac7d71abde26e12fae8e3c006749e2",
          "version": "0.5.0"
        }
      }
    ]
  },
  "version": 1
}
